
Microsoft Visual Studio Solution File, Format Version 12.00
Project("{2150E333-8FDC-42A3-9474-1A3956D46DE8}") = "src", "src", "{B1ED083D-0C84-43B7-8BED-16ABD248DAC9}"
EndProject
Project("{FAE04EC0-301F-11D3-BF4B-00C04F79EFBC}") = "Bootstrap", "src\Bootstrap\Bootstrap.csproj", "{B5823F5B-E175-460D-ACF6-9AD9DDFCDA40}"
EndProject
Project("{2150E333-8FDC-42A3-9474-1A3956D46DE8}") = "User", "User", "{BCD6E492-5EE7-4B07-9D22-D49DE0013DCC}"
EndProject
Project("{2150E333-8FDC-42A3-9474-1A3956D46DE8}") = "_Core", "_Core", "{1D8226F3-8EE5-474E-AEA9-2DD0362917E1}"
EndProject
Project("{FAE04EC0-301F-11D3-BF4B-00C04F79EFBC}") = "Core", "src\Core\Core.csproj", "{0B8A915E-C83D-4B35-97EC-54CD8DB6700C}"
EndProject
Project("{2150E333-8FDC-42A3-9474-1A3956D46DE8}") = "_Contracts", "_Contracts", "{0214A917-C8B8-4C65-AED8-55FA684CD330}"
EndProject
Project("{2150E333-8FDC-42A3-9474-1A3956D46DE8}") = "Authentication", "Authentication", "{406153DF-CC38-42A4-8012-CDE54497D3A6}"
EndProject
Project("{FAE04EC0-301F-11D3-BF4B-00C04F79EFBC}") = "Authentication.Contracts", "src\Contracts\Authentication.Contracts\Authentication.Contracts.csproj", "{E67D0FFE-A2FC-48BC-ACBA-DAFDCE6E51EB}"
EndProject
Project("{FAE04EC0-301F-11D3-BF4B-00C04F79EFBC}") = "User.Contracts", "src\Contracts\User.Contracts\User.Contracts.csproj", "{F9460A8E-09BA-429F-8706-CC09D34D6320}"
EndProject
Project("{FAE04EC0-301F-11D3-BF4B-00C04F79EFBC}") = "User.Application", "src\User\User.Application\User.Application.csproj", "{C69B8246-69CB-4B39-B975-A26E8FCE4DFB}"
EndProject
Project("{FAE04EC0-301F-11D3-BF4B-00C04F79EFBC}") = "User.Core", "src\User\User.Core\User.Core.csproj", "{27020EF5-D496-4B31-AD44-0D06A0596F66}"
EndProject
Project("{FAE04EC0-301F-11D3-BF4B-00C04F79EFBC}") = "User.Infrastructure", "src\User\User.Infrastructure\User.Infrastructure.csproj", "{1D681F26-94F6-4E25-965E-252644744BE4}"
EndProject
Project("{FAE04EC0-301F-11D3-BF4B-00C04F79EFBC}") = "Authentication.Application", "src\Authentication\Authentication.Application\Authentication.Application.csproj", "{91983BBB-269C-4C7D-9F34-2331DB6E5CBE}"
EndProject
Project("{FAE04EC0-301F-11D3-BF4B-00C04F79EFBC}") = "Authentication.Core", "src\Authentication\Authentication.Core\Authentication.Core.csproj", "{2AE7DFF8-0BDC-47FB-AFCE-B37987FAFE73}"
EndProject
Project("{FAE04EC0-301F-11D3-BF4B-00C04F79EFBC}") = "Authentication.Infrastructure", "src\Authentication\Authentication.Infrastructure\Authentication.Infrastructure.csproj", "{E9F6B157-E9E8-45E0-AA78-C6203CD02ADB}"
EndProject
Project("{FAE04EC0-301F-11D3-BF4B-00C04F79EFBC}") = "User.Api", "src\User\User.Api\User.Api.csproj", "{7884FE1B-DE56-4CA4-AC23-1C646C189091}"
EndProject
Project("{FAE04EC0-301F-11D3-BF4B-00C04F79EFBC}") = "Authentication.Api", "src\Authentication\Authentication.Api\Authentication.Api.csproj", "{8EE17E11-3AD2-40A3-BBF9-B1439F5B7684}"
EndProject
Global
	GlobalSection(SolutionConfigurationPlatforms) = preSolution
		Debug|Any CPU = Debug|Any CPU
		Release|Any CPU = Release|Any CPU
	EndGlobalSection
	GlobalSection(NestedProjects) = preSolution
		{B5823F5B-E175-460D-ACF6-9AD9DDFCDA40} = {B1ED083D-0C84-43B7-8BED-16ABD248DAC9}
		{BCD6E492-5EE7-4B07-9D22-D49DE0013DCC} = {B1ED083D-0C84-43B7-8BED-16ABD248DAC9}
		{1D8226F3-8EE5-474E-AEA9-2DD0362917E1} = {B1ED083D-0C84-43B7-8BED-16ABD248DAC9}
		{0B8A915E-C83D-4B35-97EC-54CD8DB6700C} = {1D8226F3-8EE5-474E-AEA9-2DD0362917E1}
		{0214A917-C8B8-4C65-AED8-55FA684CD330} = {B1ED083D-0C84-43B7-8BED-16ABD248DAC9}
		{406153DF-CC38-42A4-8012-CDE54497D3A6} = {B1ED083D-0C84-43B7-8BED-16ABD248DAC9}
		{E67D0FFE-A2FC-48BC-ACBA-DAFDCE6E51EB} = {0214A917-C8B8-4C65-AED8-55FA684CD330}
		{F9460A8E-09BA-429F-8706-CC09D34D6320} = {0214A917-C8B8-4C65-AED8-55FA684CD330}
		{C69B8246-69CB-4B39-B975-A26E8FCE4DFB} = {BCD6E492-5EE7-4B07-9D22-D49DE0013DCC}
		{27020EF5-D496-4B31-AD44-0D06A0596F66} = {BCD6E492-5EE7-4B07-9D22-D49DE0013DCC}
		{1D681F26-94F6-4E25-965E-252644744BE4} = {BCD6E492-5EE7-4B07-9D22-D49DE0013DCC}
		{91983BBB-269C-4C7D-9F34-2331DB6E5CBE} = {406153DF-CC38-42A4-8012-CDE54497D3A6}
		{2AE7DFF8-0BDC-47FB-AFCE-B37987FAFE73} = {406153DF-CC38-42A4-8012-CDE54497D3A6}
		{E9F6B157-E9E8-45E0-AA78-C6203CD02ADB} = {406153DF-CC38-42A4-8012-CDE54497D3A6}
		{7884FE1B-DE56-4CA4-AC23-1C646C189091} = {BCD6E492-5EE7-4B07-9D22-D49DE0013DCC}
		{8EE17E11-3AD2-40A3-BBF9-B1439F5B7684} = {406153DF-CC38-42A4-8012-CDE54497D3A6}
	EndGlobalSection
	GlobalSection(ProjectConfigurationPlatforms) = postSolution
		{B5823F5B-E175-460D-ACF6-9AD9DDFCDA40}.Debug|Any CPU.ActiveCfg = Debug|Any CPU
		{B5823F5B-E175-460D-ACF6-9AD9DDFCDA40}.Debug|Any CPU.Build.0 = Debug|Any CPU
		{B5823F5B-E175-460D-ACF6-9AD9DDFCDA40}.Release|Any CPU.ActiveCfg = Release|Any CPU
		{B5823F5B-E175-460D-ACF6-9AD9DDFCDA40}.Release|Any CPU.Build.0 = Release|Any CPU
		{0B8A915E-C83D-4B35-97EC-54CD8DB6700C}.Debug|Any CPU.ActiveCfg = Debug|Any CPU
		{0B8A915E-C83D-4B35-97EC-54CD8DB6700C}.Debug|Any CPU.Build.0 = Debug|Any CPU
		{0B8A915E-C83D-4B35-97EC-54CD8DB6700C}.Release|Any CPU.ActiveCfg = Release|Any CPU
		{0B8A915E-C83D-4B35-97EC-54CD8DB6700C}.Release|Any CPU.Build.0 = Release|Any CPU
		{E67D0FFE-A2FC-48BC-ACBA-DAFDCE6E51EB}.Debug|Any CPU.ActiveCfg = Debug|Any CPU
		{E67D0FFE-A2FC-48BC-ACBA-DAFDCE6E51EB}.Debug|Any CPU.Build.0 = Debug|Any CPU
		{E67D0FFE-A2FC-48BC-ACBA-DAFDCE6E51EB}.Release|Any CPU.ActiveCfg = Release|Any CPU
		{E67D0FFE-A2FC-48BC-ACBA-DAFDCE6E51EB}.Release|Any CPU.Build.0 = Release|Any CPU
		{F9460A8E-09BA-429F-8706-CC09D34D6320}.Debug|Any CPU.ActiveCfg = Debug|Any CPU
		{F9460A8E-09BA-429F-8706-CC09D34D6320}.Debug|Any CPU.Build.0 = Debug|Any CPU
		{F9460A8E-09BA-429F-8706-CC09D34D6320}.Release|Any CPU.ActiveCfg = Release|Any CPU
		{F9460A8E-09BA-429F-8706-CC09D34D6320}.Release|Any CPU.Build.0 = Release|Any CPU
		{C69B8246-69CB-4B39-B975-A26E8FCE4DFB}.Debug|Any CPU.ActiveCfg = Debug|Any CPU
		{C69B8246-69CB-4B39-B975-A26E8FCE4DFB}.Debug|Any CPU.Build.0 = Debug|Any CPU
		{C69B8246-69CB-4B39-B975-A26E8FCE4DFB}.Release|Any CPU.ActiveCfg = Release|Any CPU
		{C69B8246-69CB-4B39-B975-A26E8FCE4DFB}.Release|Any CPU.Build.0 = Release|Any CPU
		{27020EF5-D496-4B31-AD44-0D06A0596F66}.Debug|Any CPU.ActiveCfg = Debug|Any CPU
		{27020EF5-D496-4B31-AD44-0D06A0596F66}.Debug|Any CPU.Build.0 = Debug|Any CPU
		{27020EF5-D496-4B31-AD44-0D06A0596F66}.Release|Any CPU.ActiveCfg = Release|Any CPU
		{27020EF5-D496-4B31-AD44-0D06A0596F66}.Release|Any CPU.Build.0 = Release|Any CPU
		{1D681F26-94F6-4E25-965E-252644744BE4}.Debug|Any CPU.ActiveCfg = Debug|Any CPU
		{1D681F26-94F6-4E25-965E-252644744BE4}.Debug|Any CPU.Build.0 = Debug|Any CPU
		{1D681F26-94F6-4E25-965E-252644744BE4}.Release|Any CPU.ActiveCfg = Release|Any CPU
		{1D681F26-94F6-4E25-965E-252644744BE4}.Release|Any CPU.Build.0 = Release|Any CPU
		{91983BBB-269C-4C7D-9F34-2331DB6E5CBE}.Debug|Any CPU.ActiveCfg = Debug|Any CPU
		{91983BBB-269C-4C7D-9F34-2331DB6E5CBE}.Debug|Any CPU.Build.0 = Debug|Any CPU
		{91983BBB-269C-4C7D-9F34-2331DB6E5CBE}.Release|Any CPU.ActiveCfg = Release|Any CPU
		{91983BBB-269C-4C7D-9F34-2331DB6E5CBE}.Release|Any CPU.Build.0 = Release|Any CPU
		{2AE7DFF8-0BDC-47FB-AFCE-B37987FAFE73}.Debug|Any CPU.ActiveCfg = Debug|Any CPU
		{2AE7DFF8-0BDC-47FB-AFCE-B37987FAFE73}.Debug|Any CPU.Build.0 = Debug|Any CPU
		{2AE7DFF8-0BDC-47FB-AFCE-B37987FAFE73}.Release|Any CPU.ActiveCfg = Release|Any CPU
		{2AE7DFF8-0BDC-47FB-AFCE-B37987FAFE73}.Release|Any CPU.Build.0 = Release|Any CPU
		{E9F6B157-E9E8-45E0-AA78-C6203CD02ADB}.Debug|Any CPU.ActiveCfg = Debug|Any CPU
		{E9F6B157-E9E8-45E0-AA78-C6203CD02ADB}.Debug|Any CPU.Build.0 = Debug|Any CPU
		{E9F6B157-E9E8-45E0-AA78-C6203CD02ADB}.Release|Any CPU.ActiveCfg = Release|Any CPU
		{E9F6B157-E9E8-45E0-AA78-C6203CD02ADB}.Release|Any CPU.Build.0 = Release|Any CPU
		{7884FE1B-DE56-4CA4-AC23-1C646C189091}.Debug|Any CPU.ActiveCfg = Debug|Any CPU
		{7884FE1B-DE56-4CA4-AC23-1C646C189091}.Debug|Any CPU.Build.0 = Debug|Any CPU
		{7884FE1B-DE56-4CA4-AC23-1C646C189091}.Release|Any CPU.ActiveCfg = Release|Any CPU
		{7884FE1B-DE56-4CA4-AC23-1C646C189091}.Release|Any CPU.Build.0 = Release|Any CPU
		{8EE17E11-3AD2-40A3-BBF9-B1439F5B7684}.Debug|Any CPU.ActiveCfg = Debug|Any CPU
		{8EE17E11-3AD2-40A3-BBF9-B1439F5B7684}.Debug|Any CPU.Build.0 = Debug|Any CPU
		{8EE17E11-3AD2-40A3-BBF9-B1439F5B7684}.Release|Any CPU.ActiveCfg = Release|Any CPU
		{8EE17E11-3AD2-40A3-BBF9-B1439F5B7684}.Release|Any CPU.Build.0 = Release|Any CPU
	EndGlobalSection
EndGlobal
